
Microsoft Visual Studio Solution File, Format Version 12.00
# Visual Studio Version 17
VisualStudioVersion = 17.12.35527.113 d17.12
MinimumVisualStudioVersion = 10.0.40219.1
Project("{FAE04EC0-301F-11D3-BF4B-00C04F79EFBC}") = "LeetCodeTest", "LeetCodeTest\LeetCodeTest.csproj", "{B96D037B-EEB3-457B-835B-BBF9F7F3D38F}"
EndProject
Global
	GlobalSection(SolutionConfigurationPlatforms) = preSolution
		Debug|Any CPU = Debug|Any CPU
		Release|Any CPU = Release|Any CPU
	EndGlobalSection
	GlobalSection(ProjectConfigurationPlatforms) = postSolution
		{B96D037B-EEB3-457B-835B-BBF9F7F3D38F}.Debug|Any CPU.ActiveCfg = Debug|Any CPU
		{B96D037B-EEB3-457B-835B-BBF9F7F3D38F}.Debug|Any CPU.Build.0 = Debug|Any CPU
		{B96D037B-EEB3-457B-835B-BBF9F7F3D38F}.Release|Any CPU.ActiveCfg = Release|Any CPU
		{B96D037B-EEB3-457B-835B-BBF9F7F3D38F}.Release|Any CPU.Build.0 = Release|Any CPU
	EndGlobalSection
	GlobalSection(SolutionProperties) = preSolution
		HideSolutionNode = FALSE
	EndGlobalSection
EndGlobal
